
Microsoft Visual Studio Solution File, Format Version 12.00
# Visual Studio Version 17
VisualStudioVersion = 17.7.34024.191
MinimumVisualStudioVersion = 10.0.40219.1
Project("{FAE04EC0-301F-11D3-BF4B-00C04F79EFBC}") = "IsIT.B2B.StatementsTest", "src\StatementsTest\IsIT.B2B.StatementsTest.csproj", "{43FC48AA-E6AE-4742-B600-E5DC6ED9D5F5}"
EndProject
Project("{FAE04EC0-301F-11D3-BF4B-00C04F79EFBC}") = "IsIT.B2B.Common", "src\Common\IsIT.B2B.Common.csproj", "{0656B20D-B5BF-44A0-B295-C63A3491A8D9}"
EndProject
Project("{FAE04EC0-301F-11D3-BF4B-00C04F79EFBC}") = "IsIT.B2B.DoPaymentTest", "src\DoPaymentTest\IsIT.B2B.DoPaymentTest.csproj", "{708245F7-E663-4A82-9A4F-7583C67F9264}"
EndProject
Project("{2150E333-8FDC-42A3-9474-1A3956D46DE8}") = "Solution Items", "Solution Items", "{497DDC44-A369-4587-AE33-73C33776660B}"
	ProjectSection(SolutionItems) = preProject
		src\Kóðadæmi fyrir hugbúnaðarhús.docx = src\Kóðadæmi fyrir hugbúnaðarhús.docx
	EndProjectSection
EndProject
Project("{FAE04EC0-301F-11D3-BF4B-00C04F79EFBC}") = "IsIT.B2B.ClaimService20131015NoConfigTest", "src\IsIT.B2B.ClaimServiceTest\IsIT.B2B.ClaimService20131015NoConfigTest.csproj", "{D231EFD0-8BD2-4056-BBD2-EA268F0BC10D}"
EndProject
Project("{FAE04EC0-301F-11D3-BF4B-00C04F79EFBC}") = "IsIT.B2B.PublicCertDownloaderTest", "src\IsIT.B2B.PublicCertDownloaderTest\IsIT.B2B.PublicCertDownloaderTest.csproj", "{4CFB8EB1-136E-420A-AD49-33F3AD7889F7}"
EndProject
Project("{FAE04EC0-301F-11D3-BF4B-00C04F79EFBC}") = "IsIT.B2B.AccountServiceTest", "src\IsIT.B2B.AccountServiceTest\IsIT.B2B.AccountServiceTest.csproj", "{B91D552F-B23A-4127-89C1-9BF54C4F385B}"
EndProject
Project("{FAE04EC0-301F-11D3-BF4B-00C04F79EFBC}") = "ProjectFiles", "src\ProjectFiles\ProjectFiles.csproj", "{AD17E1C2-3DBE-49CD-A707-322135396B3B}"
EndProject
Project("{FAE04EC0-301F-11D3-BF4B-00C04F79EFBC}") = "IsIT.B2B.DocumentsServiceTest", "src\IsIT.B2B.DocumentsServiceTest\IsIT.B2B.DocumentsServiceTest.csproj", "{A479CC51-34F5-4EF1-B60E-D41C79360B2F}"
EndProject
Project("{2150E333-8FDC-42A3-9474-1A3956D46DE8}") = "IOBWS 20051201 WSE", "IOBWS 20051201 WSE", "{18321019-404A-4B85-B90F-0ABC3F16B75A}"
EndProject
Project("{2150E333-8FDC-42A3-9474-1A3956D46DE8}") = "Arion 20130101 WCF", "Arion 20130101 WCF", "{86714AD2-102A-46E2-A5BB-8B9B223311B8}"
EndProject
Project("{2150E333-8FDC-42A3-9474-1A3956D46DE8}") = "IOBWS 20131015 WCF", "IOBWS 20131015 WCF", "{78773A02-B7A4-40A5-8398-0A08FE18009F}"
EndProject
Project("{FAE04EC0-301F-11D3-BF4B-00C04F79EFBC}") = "IsIT.B2B.DocumentsServiceNoConfigTest", "src\IsIT.B2B.DocumentsServiceNoConfigTest\IsIT.B2B.DocumentsServiceNoConfigTest.csproj", "{1CAF4BC2-4024-406D-BFF1-E7233723EC2D}"
EndProject
Project("{FAE04EC0-301F-11D3-BF4B-00C04F79EFBC}") = "IsIT.B2B.DocumentServiceTraceTest", "src\IsIT.B2B.DocumentServiceTraceTest\IsIT.B2B.DocumentServiceTraceTest.csproj", "{5FAA43BC-7D63-43C1-B341-0BD1B566B428}"
EndProject
Project("{2150E333-8FDC-42A3-9474-1A3956D46DE8}") = "Arion 20130901 WCF", "Arion 20130901 WCF", "{C61B1771-81A4-4806-91DC-558E67BC0291}"
EndProject
Project("{FAE04EC0-301F-11D3-BF4B-00C04F79EFBC}") = "IsIT.B2B.CreditCardServiceTest", "src\IsIT.B2B.CreditCardServiceTest\IsIT.B2B.CreditCardServiceTest.csproj", "{7B19BF76-38C3-46F5-9FAB-646774D1AA7A}"
EndProject
Project("{FAE04EC0-301F-11D3-BF4B-00C04F79EFBC}") = "IsIT.B2B.ClaimService20131015Test", "src\IsIT.B2B.ClaimService20131015Test\IsIT.B2B.ClaimService20131015Test.csproj", "{3F34A066-118F-4285-940C-AE7934E76316}"
EndProject
Project("{2150E333-8FDC-42A3-9474-1A3956D46DE8}") = "Arion 20150801 WCF", "Arion 20150801 WCF", "{BBF858C6-6C1D-4B82-B515-ABA70F69FA03}"
EndProject
Project("{FAE04EC0-301F-11D3-BF4B-00C04F79EFBC}") = "IsIT.B2B.ForeignStatementServiceTest", "src\IsIT.B2B.ForeignStatementServiceTest\IsIT.B2B.ForeignStatementServiceTest.csproj", "{642B137F-C890-44AD-B74C-78743F95420A}"
EndProject
Global
	GlobalSection(SolutionConfigurationPlatforms) = preSolution
		Debug|Any CPU = Debug|Any CPU
		Debug|Mixed Platforms = Debug|Mixed Platforms
		Debug|x64 = Debug|x64
		Debug|x86 = Debug|x86
		Release|Any CPU = Release|Any CPU
		Release|Mixed Platforms = Release|Mixed Platforms
		Release|x64 = Release|x64
		Release|x86 = Release|x86
		TeamBuild|Any CPU = TeamBuild|Any CPU
		TeamBuild|Mixed Platforms = TeamBuild|Mixed Platforms
		TeamBuild|x64 = TeamBuild|x64
		TeamBuild|x86 = TeamBuild|x86
	EndGlobalSection
	GlobalSection(ProjectConfigurationPlatforms) = postSolution
		{43FC48AA-E6AE-4742-B600-E5DC6ED9D5F5}.Debug|Any CPU.ActiveCfg = Debug|Any CPU
		{43FC48AA-E6AE-4742-B600-E5DC6ED9D5F5}.Debug|Any CPU.Build.0 = Debug|Any CPU
		{43FC48AA-E6AE-4742-B600-E5DC6ED9D5F5}.Debug|Mixed Platforms.ActiveCfg = Debug|Any CPU
		{43FC48AA-E6AE-4742-B600-E5DC6ED9D5F5}.Debug|Mixed Platforms.Build.0 = Debug|Any CPU
		{43FC48AA-E6AE-4742-B600-E5DC6ED9D5F5}.Debug|x64.ActiveCfg = Debug|Any CPU
		{43FC48AA-E6AE-4742-B600-E5DC6ED9D5F5}.Debug|x86.ActiveCfg = Debug|Any CPU
		{43FC48AA-E6AE-4742-B600-E5DC6ED9D5F5}.Release|Any CPU.ActiveCfg = Release|Any CPU
		{43FC48AA-E6AE-4742-B600-E5DC6ED9D5F5}.Release|Any CPU.Build.0 = Release|Any CPU
		{43FC48AA-E6AE-4742-B600-E5DC6ED9D5F5}.Release|Mixed Platforms.ActiveCfg = Release|Any CPU
		{43FC48AA-E6AE-4742-B600-E5DC6ED9D5F5}.Release|Mixed Platforms.Build.0 = Release|Any CPU
		{43FC48AA-E6AE-4742-B600-E5DC6ED9D5F5}.Release|x64.ActiveCfg = Release|Any CPU
		{43FC48AA-E6AE-4742-B600-E5DC6ED9D5F5}.Release|x86.ActiveCfg = Release|Any CPU
		{43FC48AA-E6AE-4742-B600-E5DC6ED9D5F5}.TeamBuild|Any CPU.ActiveCfg = Release|Any CPU
		{43FC48AA-E6AE-4742-B600-E5DC6ED9D5F5}.TeamBuild|Any CPU.Build.0 = Release|Any CPU
		{43FC48AA-E6AE-4742-B600-E5DC6ED9D5F5}.TeamBuild|Mixed Platforms.ActiveCfg = Release|Any CPU
		{43FC48AA-E6AE-4742-B600-E5DC6ED9D5F5}.TeamBuild|Mixed Platforms.Build.0 = Release|Any CPU
		{43FC48AA-E6AE-4742-B600-E5DC6ED9D5F5}.TeamBuild|x64.ActiveCfg = Release|Any CPU
		{43FC48AA-E6AE-4742-B600-E5DC6ED9D5F5}.TeamBuild|x86.ActiveCfg = Release|Any CPU
		{0656B20D-B5BF-44A0-B295-C63A3491A8D9}.Debug|Any CPU.ActiveCfg = Debug|Any CPU
		{0656B20D-B5BF-44A0-B295-C63A3491A8D9}.Debug|Any CPU.Build.0 = Debug|Any CPU
		{0656B20D-B5BF-44A0-B295-C63A3491A8D9}.Debug|Mixed Platforms.ActiveCfg = Debug|Any CPU
		{0656B20D-B5BF-44A0-B295-C63A3491A8D9}.Debug|Mixed Platforms.Build.0 = Debug|Any CPU
		{0656B20D-B5BF-44A0-B295-C63A3491A8D9}.Debug|x64.ActiveCfg = Debug|Any CPU
		{0656B20D-B5BF-44A0-B295-C63A3491A8D9}.Debug|x86.ActiveCfg = Debug|Any CPU
		{0656B20D-B5BF-44A0-B295-C63A3491A8D9}.Release|Any CPU.ActiveCfg = Release|Any CPU
		{0656B20D-B5BF-44A0-B295-C63A3491A8D9}.Release|Any CPU.Build.0 = Release|Any CPU
		{0656B20D-B5BF-44A0-B295-C63A3491A8D9}.Release|Mixed Platforms.ActiveCfg = Release|Any CPU
		{0656B20D-B5BF-44A0-B295-C63A3491A8D9}.Release|Mixed Platforms.Build.0 = Release|Any CPU
		{0656B20D-B5BF-44A0-B295-C63A3491A8D9}.Release|x64.ActiveCfg = Release|Any CPU
		{0656B20D-B5BF-44A0-B295-C63A3491A8D9}.Release|x86.ActiveCfg = Release|Any CPU
		{0656B20D-B5BF-44A0-B295-C63A3491A8D9}.TeamBuild|Any CPU.ActiveCfg = Release|Any CPU
		{0656B20D-B5BF-44A0-B295-C63A3491A8D9}.TeamBuild|Any CPU.Build.0 = Release|Any CPU
		{0656B20D-B5BF-44A0-B295-C63A3491A8D9}.TeamBuild|Mixed Platforms.ActiveCfg = Release|Any CPU
		{0656B20D-B5BF-44A0-B295-C63A3491A8D9}.TeamBuild|Mixed Platforms.Build.0 = Release|Any CPU
		{0656B20D-B5BF-44A0-B295-C63A3491A8D9}.TeamBuild|x64.ActiveCfg = Release|Any CPU
		{0656B20D-B5BF-44A0-B295-C63A3491A8D9}.TeamBuild|x86.ActiveCfg = Release|Any CPU
		{708245F7-E663-4A82-9A4F-7583C67F9264}.Debug|Any CPU.ActiveCfg = Debug|Any CPU
		{708245F7-E663-4A82-9A4F-7583C67F9264}.Debug|Any CPU.Build.0 = Debug|Any CPU
		{708245F7-E663-4A82-9A4F-7583C67F9264}.Debug|Mixed Platforms.ActiveCfg = Debug|Any CPU
		{708245F7-E663-4A82-9A4F-7583C67F9264}.Debug|Mixed Platforms.Build.0 = Debug|Any CPU
		{708245F7-E663-4A82-9A4F-7583C67F9264}.Debug|x64.ActiveCfg = Debug|Any CPU
		{708245F7-E663-4A82-9A4F-7583C67F9264}.Debug|x86.ActiveCfg = Debug|Any CPU
		{708245F7-E663-4A82-9A4F-7583C67F9264}.Release|Any CPU.ActiveCfg = Release|Any CPU
		{708245F7-E663-4A82-9A4F-7583C67F9264}.Release|Any CPU.Build.0 = Release|Any CPU
		{708245F7-E663-4A82-9A4F-7583C67F9264}.Release|Mixed Platforms.ActiveCfg = Release|Any CPU
		{708245F7-E663-4A82-9A4F-7583C67F9264}.Release|Mixed Platforms.Build.0 = Release|Any CPU
		{708245F7-E663-4A82-9A4F-7583C67F9264}.Release|x64.ActiveCfg = Release|Any CPU
		{708245F7-E663-4A82-9A4F-7583C67F9264}.Release|x86.ActiveCfg = Release|Any CPU
		{708245F7-E663-4A82-9A4F-7583C67F9264}.TeamBuild|Any CPU.ActiveCfg = Release|Any CPU
		{708245F7-E663-4A82-9A4F-7583C67F9264}.TeamBuild|Any CPU.Build.0 = Release|Any CPU
		{708245F7-E663-4A82-9A4F-7583C67F9264}.TeamBuild|Mixed Platforms.ActiveCfg = Release|Any CPU
		{708245F7-E663-4A82-9A4F-7583C67F9264}.TeamBuild|Mixed Platforms.Build.0 = Release|Any CPU
		{708245F7-E663-4A82-9A4F-7583C67F9264}.TeamBuild|x64.ActiveCfg = Release|Any CPU
		{708245F7-E663-4A82-9A4F-7583C67F9264}.TeamBuild|x86.ActiveCfg = Release|Any CPU
		{D231EFD0-8BD2-4056-BBD2-EA268F0BC10D}.Debug|Any CPU.ActiveCfg = Debug|Any CPU
		{D231EFD0-8BD2-4056-BBD2-EA268F0BC10D}.Debug|Any CPU.Build.0 = Debug|Any CPU
		{D231EFD0-8BD2-4056-BBD2-EA268F0BC10D}.Debug|Mixed Platforms.ActiveCfg = Debug|x86
		{D231EFD0-8BD2-4056-BBD2-EA268F0BC10D}.Debug|Mixed Platforms.Build.0 = Debug|x86
		{D231EFD0-8BD2-4056-BBD2-EA268F0BC10D}.Debug|x64.ActiveCfg = Debug|x86
		{D231EFD0-8BD2-4056-BBD2-EA268F0BC10D}.Debug|x86.ActiveCfg = Debug|x86
		{D231EFD0-8BD2-4056-BBD2-EA268F0BC10D}.Debug|x86.Build.0 = Debug|x86
		{D231EFD0-8BD2-4056-BBD2-EA268F0BC10D}.Release|Any CPU.ActiveCfg = Release|Any CPU
		{D231EFD0-8BD2-4056-BBD2-EA268F0BC10D}.Release|Any CPU.Build.0 = Release|Any CPU
		{D231EFD0-8BD2-4056-BBD2-EA268F0BC10D}.Release|Mixed Platforms.ActiveCfg = Release|x86
		{D231EFD0-8BD2-4056-BBD2-EA268F0BC10D}.Release|Mixed Platforms.Build.0 = Release|x86
		{D231EFD0-8BD2-4056-BBD2-EA268F0BC10D}.Release|x64.ActiveCfg = Release|x86
		{D231EFD0-8BD2-4056-BBD2-EA268F0BC10D}.Release|x86.ActiveCfg = Release|x86
		{D231EFD0-8BD2-4056-BBD2-EA268F0BC10D}.Release|x86.Build.0 = Release|x86
		{D231EFD0-8BD2-4056-BBD2-EA268F0BC10D}.TeamBuild|Any CPU.ActiveCfg = Release|Any CPU
		{D231EFD0-8BD2-4056-BBD2-EA268F0BC10D}.TeamBuild|Mixed Platforms.ActiveCfg = Release|x86
		{D231EFD0-8BD2-4056-BBD2-EA268F0BC10D}.TeamBuild|Mixed Platforms.Build.0 = Release|x86
		{D231EFD0-8BD2-4056-BBD2-EA268F0BC10D}.TeamBuild|x64.ActiveCfg = Release|x86
		{D231EFD0-8BD2-4056-BBD2-EA268F0BC10D}.TeamBuild|x86.ActiveCfg = Release|x86
		{D231EFD0-8BD2-4056-BBD2-EA268F0BC10D}.TeamBuild|x86.Build.0 = Release|x86
		{4CFB8EB1-136E-420A-AD49-33F3AD7889F7}.Debug|Any CPU.ActiveCfg = Debug|Any CPU
		{4CFB8EB1-136E-420A-AD49-33F3AD7889F7}.Debug|Any CPU.Build.0 = Debug|Any CPU
		{4CFB8EB1-136E-420A-AD49-33F3AD7889F7}.Debug|Mixed Platforms.ActiveCfg = Debug|x86
		{4CFB8EB1-136E-420A-AD49-33F3AD7889F7}.Debug|Mixed Platforms.Build.0 = Debug|x86
		{4CFB8EB1-136E-420A-AD49-33F3AD7889F7}.Debug|x64.ActiveCfg = Debug|x86
		{4CFB8EB1-136E-420A-AD49-33F3AD7889F7}.Debug|x86.ActiveCfg = Debug|x86
		{4CFB8EB1-136E-420A-AD49-33F3AD7889F7}.Debug|x86.Build.0 = Debug|x86
		{4CFB8EB1-136E-420A-AD49-33F3AD7889F7}.Release|Any CPU.ActiveCfg = Release|Any CPU
		{4CFB8EB1-136E-420A-AD49-33F3AD7889F7}.Release|Any CPU.Build.0 = Release|Any CPU
		{4CFB8EB1-136E-420A-AD49-33F3AD7889F7}.Release|Mixed Platforms.ActiveCfg = Release|x86
		{4CFB8EB1-136E-420A-AD49-33F3AD7889F7}.Release|Mixed Platforms.Build.0 = Release|x86
		{4CFB8EB1-136E-420A-AD49-33F3AD7889F7}.Release|x64.ActiveCfg = Release|x86
		{4CFB8EB1-136E-420A-AD49-33F3AD7889F7}.Release|x86.ActiveCfg = Release|x86
		{4CFB8EB1-136E-420A-AD49-33F3AD7889F7}.Release|x86.Build.0 = Release|x86
		{4CFB8EB1-136E-420A-AD49-33F3AD7889F7}.TeamBuild|Any CPU.ActiveCfg = Release|Any CPU
		{4CFB8EB1-136E-420A-AD49-33F3AD7889F7}.TeamBuild|Any CPU.Build.0 = Release|Any CPU
		{4CFB8EB1-136E-420A-AD49-33F3AD7889F7}.TeamBuild|Mixed Platforms.ActiveCfg = Release|x86
		{4CFB8EB1-136E-420A-AD49-33F3AD7889F7}.TeamBuild|Mixed Platforms.Build.0 = Release|x86
		{4CFB8EB1-136E-420A-AD49-33F3AD7889F7}.TeamBuild|x64.ActiveCfg = Release|x86
		{4CFB8EB1-136E-420A-AD49-33F3AD7889F7}.TeamBuild|x86.ActiveCfg = Release|x86
		{4CFB8EB1-136E-420A-AD49-33F3AD7889F7}.TeamBuild|x86.Build.0 = Release|x86
		{B91D552F-B23A-4127-89C1-9BF54C4F385B}.Debug|Any CPU.ActiveCfg = Debug|Any CPU
		{B91D552F-B23A-4127-89C1-9BF54C4F385B}.Debug|Any CPU.Build.0 = Debug|Any CPU
		{B91D552F-B23A-4127-89C1-9BF54C4F385B}.Debug|Mixed Platforms.ActiveCfg = Debug|x86
		{B91D552F-B23A-4127-89C1-9BF54C4F385B}.Debug|Mixed Platforms.Build.0 = Debug|x86
		{B91D552F-B23A-4127-89C1-9BF54C4F385B}.Debug|x64.ActiveCfg = Debug|x86
		{B91D552F-B23A-4127-89C1-9BF54C4F385B}.Debug|x86.ActiveCfg = Debug|x86
		{B91D552F-B23A-4127-89C1-9BF54C4F385B}.Debug|x86.Build.0 = Debug|x86
		{B91D552F-B23A-4127-89C1-9BF54C4F385B}.Release|Any CPU.ActiveCfg = Release|Any CPU
		{B91D552F-B23A-4127-89C1-9BF54C4F385B}.Release|Any CPU.Build.0 = Release|Any CPU
		{B91D552F-B23A-4127-89C1-9BF54C4F385B}.Release|Mixed Platforms.ActiveCfg = Release|x86
		{B91D552F-B23A-4127-89C1-9BF54C4F385B}.Release|Mixed Platforms.Build.0 = Release|x86
		{B91D552F-B23A-4127-89C1-9BF54C4F385B}.Release|x64.ActiveCfg = Release|x86
		{B91D552F-B23A-4127-89C1-9BF54C4F385B}.Release|x86.ActiveCfg = Release|x86
		{B91D552F-B23A-4127-89C1-9BF54C4F385B}.Release|x86.Build.0 = Release|x86
		{B91D552F-B23A-4127-89C1-9BF54C4F385B}.TeamBuild|Any CPU.ActiveCfg = Release|Any CPU
		{B91D552F-B23A-4127-89C1-9BF54C4F385B}.TeamBuild|Mixed Platforms.ActiveCfg = Release|x86
		{B91D552F-B23A-4127-89C1-9BF54C4F385B}.TeamBuild|Mixed Platforms.Build.0 = Release|x86
		{B91D552F-B23A-4127-89C1-9BF54C4F385B}.TeamBuild|x64.ActiveCfg = Release|x86
		{B91D552F-B23A-4127-89C1-9BF54C4F385B}.TeamBuild|x86.ActiveCfg = Release|x86
		{B91D552F-B23A-4127-89C1-9BF54C4F385B}.TeamBuild|x86.Build.0 = Release|x86
		{AD17E1C2-3DBE-49CD-A707-322135396B3B}.Debug|Any CPU.ActiveCfg = Debug|Any CPU
		{AD17E1C2-3DBE-49CD-A707-322135396B3B}.Debug|Mixed Platforms.ActiveCfg = Debug|Any CPU
		{AD17E1C2-3DBE-49CD-A707-322135396B3B}.Debug|x64.ActiveCfg = Debug|Any CPU
		{AD17E1C2-3DBE-49CD-A707-322135396B3B}.Debug|x86.ActiveCfg = Debug|Any CPU
		{AD17E1C2-3DBE-49CD-A707-322135396B3B}.Release|Any CPU.ActiveCfg = Release|Any CPU
		{AD17E1C2-3DBE-49CD-A707-322135396B3B}.Release|Mixed Platforms.ActiveCfg = Release|Any CPU
		{AD17E1C2-3DBE-49CD-A707-322135396B3B}.Release|x64.ActiveCfg = Release|Any CPU
		{AD17E1C2-3DBE-49CD-A707-322135396B3B}.Release|x86.ActiveCfg = Release|Any CPU
		{AD17E1C2-3DBE-49CD-A707-322135396B3B}.TeamBuild|Any CPU.ActiveCfg = Release|Any CPU
		{AD17E1C2-3DBE-49CD-A707-322135396B3B}.TeamBuild|Mixed Platforms.ActiveCfg = Release|Any CPU
		{AD17E1C2-3DBE-49CD-A707-322135396B3B}.TeamBuild|x64.ActiveCfg = Release|Any CPU
		{AD17E1C2-3DBE-49CD-A707-322135396B3B}.TeamBuild|x86.ActiveCfg = Release|Any CPU
		{A479CC51-34F5-4EF1-B60E-D41C79360B2F}.Debug|Any CPU.ActiveCfg = Debug|Any CPU
		{A479CC51-34F5-4EF1-B60E-D41C79360B2F}.Debug|Any CPU.Build.0 = Debug|Any CPU
		{A479CC51-34F5-4EF1-B60E-D41C79360B2F}.Debug|Mixed Platforms.ActiveCfg = Debug|Any CPU
		{A479CC51-34F5-4EF1-B60E-D41C79360B2F}.Debug|Mixed Platforms.Build.0 = Debug|Any CPU
		{A479CC51-34F5-4EF1-B60E-D41C79360B2F}.Debug|x64.ActiveCfg = Debug|Any CPU
		{A479CC51-34F5-4EF1-B60E-D41C79360B2F}.Debug|x86.ActiveCfg = Debug|Any CPU
		{A479CC51-34F5-4EF1-B60E-D41C79360B2F}.Release|Any CPU.ActiveCfg = Release|Any CPU
		{A479CC51-34F5-4EF1-B60E-D41C79360B2F}.Release|Any CPU.Build.0 = Release|Any CPU
		{A479CC51-34F5-4EF1-B60E-D41C79360B2F}.Release|Mixed Platforms.ActiveCfg = Release|Any CPU
		{A479CC51-34F5-4EF1-B60E-D41C79360B2F}.Release|Mixed Platforms.Build.0 = Release|Any CPU
		{A479CC51-34F5-4EF1-B60E-D41C79360B2F}.Release|x64.ActiveCfg = Release|Any CPU
		{A479CC51-34F5-4EF1-B60E-D41C79360B2F}.Release|x86.ActiveCfg = Release|Any CPU
		{A479CC51-34F5-4EF1-B60E-D41C79360B2F}.TeamBuild|Any CPU.ActiveCfg = Release|Any CPU
		{A479CC51-34F5-4EF1-B60E-D41C79360B2F}.TeamBuild|Any CPU.Build.0 = Release|Any CPU
		{A479CC51-34F5-4EF1-B60E-D41C79360B2F}.TeamBuild|Mixed Platforms.ActiveCfg = Release|Any CPU
		{A479CC51-34F5-4EF1-B60E-D41C79360B2F}.TeamBuild|Mixed Platforms.Build.0 = Release|Any CPU
		{A479CC51-34F5-4EF1-B60E-D41C79360B2F}.TeamBuild|x64.ActiveCfg = Release|Any CPU
		{A479CC51-34F5-4EF1-B60E-D41C79360B2F}.TeamBuild|x86.ActiveCfg = Release|Any CPU
		{1CAF4BC2-4024-406D-BFF1-E7233723EC2D}.Debug|Any CPU.ActiveCfg = Debug|Any CPU
		{1CAF4BC2-4024-406D-BFF1-E7233723EC2D}.Debug|Any CPU.Build.0 = Debug|Any CPU
		{1CAF4BC2-4024-406D-BFF1-E7233723EC2D}.Debug|Mixed Platforms.ActiveCfg = Debug|Any CPU
		{1CAF4BC2-4024-406D-BFF1-E7233723EC2D}.Debug|Mixed Platforms.Build.0 = Debug|Any CPU
		{1CAF4BC2-4024-406D-BFF1-E7233723EC2D}.Debug|x64.ActiveCfg = Debug|Any CPU
		{1CAF4BC2-4024-406D-BFF1-E7233723EC2D}.Debug|x86.ActiveCfg = Debug|Any CPU
		{1CAF4BC2-4024-406D-BFF1-E7233723EC2D}.Release|Any CPU.ActiveCfg = Release|Any CPU
		{1CAF4BC2-4024-406D-BFF1-E7233723EC2D}.Release|Any CPU.Build.0 = Release|Any CPU
		{1CAF4BC2-4024-406D-BFF1-E7233723EC2D}.Release|Mixed Platforms.ActiveCfg = Release|Any CPU
		{1CAF4BC2-4024-406D-BFF1-E7233723EC2D}.Release|Mixed Platforms.Build.0 = Release|Any CPU
		{1CAF4BC2-4024-406D-BFF1-E7233723EC2D}.Release|x64.ActiveCfg = Release|Any CPU
		{1CAF4BC2-4024-406D-BFF1-E7233723EC2D}.Release|x86.ActiveCfg = Release|Any CPU
		{1CAF4BC2-4024-406D-BFF1-E7233723EC2D}.TeamBuild|Any CPU.ActiveCfg = Release|Any CPU
		{1CAF4BC2-4024-406D-BFF1-E7233723EC2D}.TeamBuild|Any CPU.Build.0 = Release|Any CPU
		{1CAF4BC2-4024-406D-BFF1-E7233723EC2D}.TeamBuild|Mixed Platforms.ActiveCfg = Release|Any CPU
		{1CAF4BC2-4024-406D-BFF1-E7233723EC2D}.TeamBuild|Mixed Platforms.Build.0 = Release|Any CPU
		{1CAF4BC2-4024-406D-BFF1-E7233723EC2D}.TeamBuild|x64.ActiveCfg = Release|Any CPU
		{1CAF4BC2-4024-406D-BFF1-E7233723EC2D}.TeamBuild|x86.ActiveCfg = Release|Any CPU
		{5FAA43BC-7D63-43C1-B341-0BD1B566B428}.Debug|Any CPU.ActiveCfg = Debug|Any CPU
		{5FAA43BC-7D63-43C1-B341-0BD1B566B428}.Debug|Any CPU.Build.0 = Debug|Any CPU
		{5FAA43BC-7D63-43C1-B341-0BD1B566B428}.Debug|Mixed Platforms.ActiveCfg = Debug|Any CPU
		{5FAA43BC-7D63-43C1-B341-0BD1B566B428}.Debug|Mixed Platforms.Build.0 = Debug|Any CPU
		{5FAA43BC-7D63-43C1-B341-0BD1B566B428}.Debug|x64.ActiveCfg = Debug|Any CPU
		{5FAA43BC-7D63-43C1-B341-0BD1B566B428}.Debug|x86.ActiveCfg = Debug|Any CPU
		{5FAA43BC-7D63-43C1-B341-0BD1B566B428}.Release|Any CPU.ActiveCfg = Release|Any CPU
		{5FAA43BC-7D63-43C1-B341-0BD1B566B428}.Release|Any CPU.Build.0 = Release|Any CPU
		{5FAA43BC-7D63-43C1-B341-0BD1B566B428}.Release|Mixed Platforms.ActiveCfg = Release|Any CPU
		{5FAA43BC-7D63-43C1-B341-0BD1B566B428}.Release|Mixed Platforms.Build.0 = Release|Any CPU
		{5FAA43BC-7D63-43C1-B341-0BD1B566B428}.Release|x64.ActiveCfg = Release|Any CPU
		{5FAA43BC-7D63-43C1-B341-0BD1B566B428}.Release|x86.ActiveCfg = Release|Any CPU
		{5FAA43BC-7D63-43C1-B341-0BD1B566B428}.TeamBuild|Any CPU.ActiveCfg = Release|Any CPU
		{5FAA43BC-7D63-43C1-B341-0BD1B566B428}.TeamBuild|Any CPU.Build.0 = Release|Any CPU
		{5FAA43BC-7D63-43C1-B341-0BD1B566B428}.TeamBuild|Mixed Platforms.ActiveCfg = Release|Any CPU
		{5FAA43BC-7D63-43C1-B341-0BD1B566B428}.TeamBuild|Mixed Platforms.Build.0 = Release|Any CPU
		{5FAA43BC-7D63-43C1-B341-0BD1B566B428}.TeamBuild|x64.ActiveCfg = Release|Any CPU
		{5FAA43BC-7D63-43C1-B341-0BD1B566B428}.TeamBuild|x86.ActiveCfg = Release|Any CPU
		{7B19BF76-38C3-46F5-9FAB-646774D1AA7A}.Debug|Any CPU.ActiveCfg = Debug|Any CPU
		{7B19BF76-38C3-46F5-9FAB-646774D1AA7A}.Debug|Any CPU.Build.0 = Debug|Any CPU
		{7B19BF76-38C3-46F5-9FAB-646774D1AA7A}.Debug|Mixed Platforms.ActiveCfg = Debug|Any CPU
		{7B19BF76-38C3-46F5-9FAB-646774D1AA7A}.Debug|Mixed Platforms.Build.0 = Debug|Any CPU
		{7B19BF76-38C3-46F5-9FAB-646774D1AA7A}.Debug|x64.ActiveCfg = Debug|Any CPU
		{7B19BF76-38C3-46F5-9FAB-646774D1AA7A}.Debug|x86.ActiveCfg = Debug|Any CPU
		{7B19BF76-38C3-46F5-9FAB-646774D1AA7A}.Release|Any CPU.ActiveCfg = Release|Any CPU
		{7B19BF76-38C3-46F5-9FAB-646774D1AA7A}.Release|Any CPU.Build.0 = Release|Any CPU
		{7B19BF76-38C3-46F5-9FAB-646774D1AA7A}.Release|Mixed Platforms.ActiveCfg = Release|Any CPU
		{7B19BF76-38C3-46F5-9FAB-646774D1AA7A}.Release|Mixed Platforms.Build.0 = Release|Any CPU
		{7B19BF76-38C3-46F5-9FAB-646774D1AA7A}.Release|x64.ActiveCfg = Release|Any CPU
		{7B19BF76-38C3-46F5-9FAB-646774D1AA7A}.Release|x86.ActiveCfg = Release|Any CPU
		{7B19BF76-38C3-46F5-9FAB-646774D1AA7A}.TeamBuild|Any CPU.ActiveCfg = Release|Any CPU
		{7B19BF76-38C3-46F5-9FAB-646774D1AA7A}.TeamBuild|Any CPU.Build.0 = Release|Any CPU
		{7B19BF76-38C3-46F5-9FAB-646774D1AA7A}.TeamBuild|Mixed Platforms.ActiveCfg = Release|Any CPU
		{7B19BF76-38C3-46F5-9FAB-646774D1AA7A}.TeamBuild|Mixed Platforms.Build.0 = Release|Any CPU
		{7B19BF76-38C3-46F5-9FAB-646774D1AA7A}.TeamBuild|x64.ActiveCfg = Release|Any CPU
		{7B19BF76-38C3-46F5-9FAB-646774D1AA7A}.TeamBuild|x86.ActiveCfg = Release|Any CPU
		{3F34A066-118F-4285-940C-AE7934E76316}.Debug|Any CPU.ActiveCfg = Debug|Any CPU
		{3F34A066-118F-4285-940C-AE7934E76316}.Debug|Any CPU.Build.0 = Debug|Any CPU
		{3F34A066-118F-4285-940C-AE7934E76316}.Debug|Mixed Platforms.ActiveCfg = Debug|Any CPU
		{3F34A066-118F-4285-940C-AE7934E76316}.Debug|Mixed Platforms.Build.0 = Debug|Any CPU
		{3F34A066-118F-4285-940C-AE7934E76316}.Debug|x64.ActiveCfg = Debug|Any CPU
		{3F34A066-118F-4285-940C-AE7934E76316}.Debug|x86.ActiveCfg = Debug|Any CPU
		{3F34A066-118F-4285-940C-AE7934E76316}.Release|Any CPU.ActiveCfg = Release|Any CPU
		{3F34A066-118F-4285-940C-AE7934E76316}.Release|Any CPU.Build.0 = Release|Any CPU
		{3F34A066-118F-4285-940C-AE7934E76316}.Release|Mixed Platforms.ActiveCfg = Release|Any CPU
		{3F34A066-118F-4285-940C-AE7934E76316}.Release|Mixed Platforms.Build.0 = Release|Any CPU
		{3F34A066-118F-4285-940C-AE7934E76316}.Release|x64.ActiveCfg = Release|Any CPU
		{3F34A066-118F-4285-940C-AE7934E76316}.Release|x86.ActiveCfg = Release|Any CPU
		{3F34A066-118F-4285-940C-AE7934E76316}.TeamBuild|Any CPU.ActiveCfg = Release|Any CPU
		{3F34A066-118F-4285-940C-AE7934E76316}.TeamBuild|Any CPU.Build.0 = Release|Any CPU
		{3F34A066-118F-4285-940C-AE7934E76316}.TeamBuild|Mixed Platforms.ActiveCfg = Release|Any CPU
		{3F34A066-118F-4285-940C-AE7934E76316}.TeamBuild|Mixed Platforms.Build.0 = Release|Any CPU
		{3F34A066-118F-4285-940C-AE7934E76316}.TeamBuild|x64.ActiveCfg = Release|Any CPU
		{3F34A066-118F-4285-940C-AE7934E76316}.TeamBuild|x86.ActiveCfg = Release|Any CPU
		{642B137F-C890-44AD-B74C-78743F95420A}.Debug|Any CPU.ActiveCfg = Debug|Any CPU
		{642B137F-C890-44AD-B74C-78743F95420A}.Debug|Any CPU.Build.0 = Debug|Any CPU
		{642B137F-C890-44AD-B74C-78743F95420A}.Debug|Mixed Platforms.ActiveCfg = Debug|Any CPU
		{642B137F-C890-44AD-B74C-78743F95420A}.Debug|Mixed Platforms.Build.0 = Debug|Any CPU
		{642B137F-C890-44AD-B74C-78743F95420A}.Debug|x64.ActiveCfg = Debug|Any CPU
		{642B137F-C890-44AD-B74C-78743F95420A}.Debug|x86.ActiveCfg = Debug|Any CPU
		{642B137F-C890-44AD-B74C-78743F95420A}.Release|Any CPU.ActiveCfg = Release|Any CPU
		{642B137F-C890-44AD-B74C-78743F95420A}.Release|Any CPU.Build.0 = Release|Any CPU
		{642B137F-C890-44AD-B74C-78743F95420A}.Release|Mixed Platforms.ActiveCfg = Release|Any CPU
		{642B137F-C890-44AD-B74C-78743F95420A}.Release|Mixed Platforms.Build.0 = Release|Any CPU
		{642B137F-C890-44AD-B74C-78743F95420A}.Release|x64.ActiveCfg = Release|Any CPU
		{642B137F-C890-44AD-B74C-78743F95420A}.Release|x86.ActiveCfg = Release|Any CPU
		{642B137F-C890-44AD-B74C-78743F95420A}.TeamBuild|Any CPU.ActiveCfg = Release|Any CPU
		{642B137F-C890-44AD-B74C-78743F95420A}.TeamBuild|Any CPU.Build.0 = Release|Any CPU
		{642B137F-C890-44AD-B74C-78743F95420A}.TeamBuild|Mixed Platforms.ActiveCfg = Release|Any CPU
		{642B137F-C890-44AD-B74C-78743F95420A}.TeamBuild|Mixed Platforms.Build.0 = Release|Any CPU
		{642B137F-C890-44AD-B74C-78743F95420A}.TeamBuild|x64.ActiveCfg = Release|Any CPU
		{642B137F-C890-44AD-B74C-78743F95420A}.TeamBuild|x86.ActiveCfg = Release|Any CPU
	EndGlobalSection
	GlobalSection(SolutionProperties) = preSolution
		HideSolutionNode = FALSE
	EndGlobalSection
	GlobalSection(NestedProjects) = preSolution
		{43FC48AA-E6AE-4742-B600-E5DC6ED9D5F5} = {18321019-404A-4B85-B90F-0ABC3F16B75A}
		{708245F7-E663-4A82-9A4F-7583C67F9264} = {18321019-404A-4B85-B90F-0ABC3F16B75A}
		{D231EFD0-8BD2-4056-BBD2-EA268F0BC10D} = {78773A02-B7A4-40A5-8398-0A08FE18009F}
		{B91D552F-B23A-4127-89C1-9BF54C4F385B} = {86714AD2-102A-46E2-A5BB-8B9B223311B8}
		{A479CC51-34F5-4EF1-B60E-D41C79360B2F} = {78773A02-B7A4-40A5-8398-0A08FE18009F}
		{1CAF4BC2-4024-406D-BFF1-E7233723EC2D} = {78773A02-B7A4-40A5-8398-0A08FE18009F}
		{5FAA43BC-7D63-43C1-B341-0BD1B566B428} = {78773A02-B7A4-40A5-8398-0A08FE18009F}
		{7B19BF76-38C3-46F5-9FAB-646774D1AA7A} = {C61B1771-81A4-4806-91DC-558E67BC0291}
		{3F34A066-118F-4285-940C-AE7934E76316} = {78773A02-B7A4-40A5-8398-0A08FE18009F}
		{642B137F-C890-44AD-B74C-78743F95420A} = {BBF858C6-6C1D-4B82-B515-ABA70F69FA03}
	EndGlobalSection
EndGlobal
